
Microsoft Visual Studio Solution File, Format Version 12.00
# Visual Studio 15
VisualStudioVersion = 15.0.28307.1145
MinimumVisualStudioVersion = 10.0.40219.1
Project("{8BC9CEB8-8B4A-11D0-8D11-00A0C91BC942}") = "MrQuake2", "MrQuake2.vcxproj", "{CCE01F48-17F7-4591-A59A-ED8F53583AAC}"
EndProject
Project("{8BC9CEB8-8B4A-11D0-8D11-00A0C91BC942}") = "RendererD3D12", "RendererD3D12\RendererD3D12.vcxproj", "{FF13F32A-3678-4C3B-A2FC-0410B93167BD}"
EndProject
Project("{8BC9CEB8-8B4A-11D0-8D11-00A0C91BC942}") = "RendererD3D11", "RendererD3D11\RendererD3D11.vcxproj", "{86562BCA-B997-440E-8F01-2DE32AD12AAB}"
EndProject
Global
	GlobalSection(SolutionConfigurationPlatforms) = preSolution
		Debug|x64 = Debug|x64
		Debug|x86 = Debug|x86
		Release|x64 = Release|x64
		Release|x86 = Release|x86
	EndGlobalSection
	GlobalSection(ProjectConfigurationPlatforms) = postSolution
		{CCE01F48-17F7-4591-A59A-ED8F53583AAC}.Debug|x64.ActiveCfg = Debug|x64
		{CCE01F48-17F7-4591-A59A-ED8F53583AAC}.Debug|x64.Build.0 = Debug|x64
		{CCE01F48-17F7-4591-A59A-ED8F53583AAC}.Debug|x86.ActiveCfg = Debug|Win32
		{CCE01F48-17F7-4591-A59A-ED8F53583AAC}.Debug|x86.Build.0 = Debug|Win32
		{CCE01F48-17F7-4591-A59A-ED8F53583AAC}.Release|x64.ActiveCfg = Release|x64
		{CCE01F48-17F7-4591-A59A-ED8F53583AAC}.Release|x64.Build.0 = Release|x64
		{CCE01F48-17F7-4591-A59A-ED8F53583AAC}.Release|x86.ActiveCfg = Release|Win32
		{CCE01F48-17F7-4591-A59A-ED8F53583AAC}.Release|x86.Build.0 = Release|Win32
		{FF13F32A-3678-4C3B-A2FC-0410B93167BD}.Debug|x64.ActiveCfg = Debug|x64
		{FF13F32A-3678-4C3B-A2FC-0410B93167BD}.Debug|x64.Build.0 = Debug|x64
		{FF13F32A-3678-4C3B-A2FC-0410B93167BD}.Debug|x86.ActiveCfg = Debug|Win32
		{FF13F32A-3678-4C3B-A2FC-0410B93167BD}.Debug|x86.Build.0 = Debug|Win32
		{FF13F32A-3678-4C3B-A2FC-0410B93167BD}.Release|x64.ActiveCfg = Release|x64
		{FF13F32A-3678-4C3B-A2FC-0410B93167BD}.Release|x64.Build.0 = Release|x64
		{FF13F32A-3678-4C3B-A2FC-0410B93167BD}.Release|x86.ActiveCfg = Release|Win32
		{FF13F32A-3678-4C3B-A2FC-0410B93167BD}.Release|x86.Build.0 = Release|Win32
		{86562BCA-B997-440E-8F01-2DE32AD12AAB}.Debug|x64.ActiveCfg = Debug|x64
		{86562BCA-B997-440E-8F01-2DE32AD12AAB}.Debug|x64.Build.0 = Debug|x64
		{86562BCA-B997-440E-8F01-2DE32AD12AAB}.Debug|x86.ActiveCfg = Debug|Win32
		{86562BCA-B997-440E-8F01-2DE32AD12AAB}.Debug|x86.Build.0 = Debug|Win32
		{86562BCA-B997-440E-8F01-2DE32AD12AAB}.Release|x64.ActiveCfg = Release|x64
		{86562BCA-B997-440E-8F01-2DE32AD12AAB}.Release|x64.Build.0 = Release|x64
		{86562BCA-B997-440E-8F01-2DE32AD12AAB}.Release|x86.ActiveCfg = Release|Win32
		{86562BCA-B997-440E-8F01-2DE32AD12AAB}.Release|x86.Build.0 = Release|Win32
	EndGlobalSection
	GlobalSection(SolutionProperties) = preSolution
		HideSolutionNode = FALSE
	EndGlobalSection
	GlobalSection(ExtensibilityGlobals) = postSolution
		SolutionGuid = {B3DD4694-EC71-4268-9B32-4734C4CF0AB1}
	EndGlobalSection
EndGlobal
