
Microsoft Visual Studio Solution File, Format Version 12.00
# Visual Studio 14
VisualStudioVersion = 14.0.25420.1
MinimumVisualStudioVersion = 10.0.40219.1
Project("{8BC9CEB8-8B4A-11D0-8D11-00A0C91BC942}") = "MrQuake2", "MrQuake2.vcxproj", "{CCE01F48-17F7-4591-A59A-ED8F53583AAC}"
EndProject
Project("{8BC9CEB8-8B4A-11D0-8D11-00A0C91BC942}") = "RefD3D11", "RefD3D11\RefD3D11.vcxproj", "{292E4680-47DF-46DA-B839-C4BD53D72C78}"
EndProject
Project("{8BC9CEB8-8B4A-11D0-8D11-00A0C91BC942}") = "RefShared", "RefShared\RefShared.vcxproj", "{D3595C0B-1968-4051-B001-3DBFAF70075D}"
EndProject
Global
	GlobalSection(SolutionConfigurationPlatforms) = preSolution
		Debug|x64 = Debug|x64
		Debug|x86 = Debug|x86
		Release|x64 = Release|x64
		Release|x86 = Release|x86
	EndGlobalSection
	GlobalSection(ProjectConfigurationPlatforms) = postSolution
		{CCE01F48-17F7-4591-A59A-ED8F53583AAC}.Debug|x64.ActiveCfg = Debug|x64
		{CCE01F48-17F7-4591-A59A-ED8F53583AAC}.Debug|x64.Build.0 = Debug|x64
		{CCE01F48-17F7-4591-A59A-ED8F53583AAC}.Debug|x86.ActiveCfg = Debug|Win32
		{CCE01F48-17F7-4591-A59A-ED8F53583AAC}.Debug|x86.Build.0 = Debug|Win32
		{CCE01F48-17F7-4591-A59A-ED8F53583AAC}.Release|x64.ActiveCfg = Release|x64
		{CCE01F48-17F7-4591-A59A-ED8F53583AAC}.Release|x64.Build.0 = Release|x64
		{CCE01F48-17F7-4591-A59A-ED8F53583AAC}.Release|x86.ActiveCfg = Release|Win32
		{CCE01F48-17F7-4591-A59A-ED8F53583AAC}.Release|x86.Build.0 = Release|Win32
		{292E4680-47DF-46DA-B839-C4BD53D72C78}.Debug|x64.ActiveCfg = Debug|x64
		{292E4680-47DF-46DA-B839-C4BD53D72C78}.Debug|x64.Build.0 = Debug|x64
		{292E4680-47DF-46DA-B839-C4BD53D72C78}.Debug|x86.ActiveCfg = Debug|Win32
		{292E4680-47DF-46DA-B839-C4BD53D72C78}.Debug|x86.Build.0 = Debug|Win32
		{292E4680-47DF-46DA-B839-C4BD53D72C78}.Release|x64.ActiveCfg = Release|x64
		{292E4680-47DF-46DA-B839-C4BD53D72C78}.Release|x64.Build.0 = Release|x64
		{292E4680-47DF-46DA-B839-C4BD53D72C78}.Release|x86.ActiveCfg = Release|Win32
		{292E4680-47DF-46DA-B839-C4BD53D72C78}.Release|x86.Build.0 = Release|Win32
		{D3595C0B-1968-4051-B001-3DBFAF70075D}.Debug|x64.ActiveCfg = Debug|x64
		{D3595C0B-1968-4051-B001-3DBFAF70075D}.Debug|x64.Build.0 = Debug|x64
		{D3595C0B-1968-4051-B001-3DBFAF70075D}.Debug|x86.ActiveCfg = Debug|Win32
		{D3595C0B-1968-4051-B001-3DBFAF70075D}.Debug|x86.Build.0 = Debug|Win32
		{D3595C0B-1968-4051-B001-3DBFAF70075D}.Release|x64.ActiveCfg = Release|x64
		{D3595C0B-1968-4051-B001-3DBFAF70075D}.Release|x64.Build.0 = Release|x64
		{D3595C0B-1968-4051-B001-3DBFAF70075D}.Release|x86.ActiveCfg = Release|Win32
		{D3595C0B-1968-4051-B001-3DBFAF70075D}.Release|x86.Build.0 = Release|Win32
	EndGlobalSection
	GlobalSection(SolutionProperties) = preSolution
		HideSolutionNode = FALSE
	EndGlobalSection
EndGlobal
