<?xml version="1.0" encoding="utf-8"?>
<Project ToolsVersion="4.0" xmlns="http://schemas.microsoft.com/developer/msbuild/2003">
  <ItemGroup>
    <Filter Include="Common">
      <UniqueIdentifier>{67DA6AB6-F800-4c08-8B7A-83BB121AAD01}</UniqueIdentifier>
      <Extensions>rc;ico;cur;bmp;dlg;rc2;rct;bin;rgs;gif;jpg;jpeg;jpe;resx;tiff;tif;png;wav;mfcribbon-ms</Extensions>
    </Filter>
    <Filter Include="Backend">
      <UniqueIdentifier>{93995380-89BD-4b04-88EB-625FBE52EBFB}</UniqueIdentifier>
      <Extensions>h;hh;hpp;hxx;hm;inl;inc;ipp;xsd</Extensions>
    </Filter>
    <Filter Include="Backend\Shaders">
      <UniqueIdentifier>{dba06ead-261a-40f5-a449-6fa928e99b35}</UniqueIdentifier>
    </Filter>
  </ItemGroup>
  <ItemGroup>
    <ClCompile Include="..\..\src\renderers\d3d11\BufferD3D11.cpp">
      <Filter>Backend</Filter>
    </ClCompile>
    <ClCompile Include="..\..\src\renderers\d3d11\DeviceD3D11.cpp">
      <Filter>Backend</Filter>
    </ClCompile>
    <ClCompile Include="..\..\src\renderers\d3d11\DLLInterfaceD3D11.cpp">
      <Filter>Backend</Filter>
    </ClCompile>
    <ClCompile Include="..\..\src\renderers\d3d11\GraphicsContextD3D11.cpp">
      <Filter>Backend</Filter>
    </ClCompile>
    <ClCompile Include="..\..\src\renderers\d3d11\PipelineStateD3D11.cpp">
      <Filter>Backend</Filter>
    </ClCompile>
    <ClCompile Include="..\..\src\renderers\d3d11\RenderInterfaceD3D11.cpp">
      <Filter>Backend</Filter>
    </ClCompile>
    <ClCompile Include="..\..\src\renderers\d3d11\ShaderProgramD3D11.cpp">
      <Filter>Backend</Filter>
    </ClCompile>
    <ClCompile Include="..\..\src\renderers\d3d11\SwapChainD3D11.cpp">
      <Filter>Backend</Filter>
    </ClCompile>
    <ClCompile Include="..\..\src\renderers\d3d11\TextureD3D11.cpp">
      <Filter>Backend</Filter>
    </ClCompile>
    <ClCompile Include="..\..\src\renderers\d3d11\UploadContextD3D11.cpp">
      <Filter>Backend</Filter>
    </ClCompile>
    <ClCompile Include="..\..\src\renderers\common\Common.cpp">
      <Filter>Common</Filter>
    </ClCompile>
    <ClCompile Include="..\..\src\renderers\common\DLLInterface.cpp">
      <Filter>Common</Filter>
    </ClCompile>
    <ClCompile Include="..\..\src\renderers\common\DrawAliasMD2.cpp">
      <Filter>Common</Filter>
    </ClCompile>
    <ClCompile Include="..\..\src\renderers\common\ImmediateModeBatching.cpp">
      <Filter>Common</Filter>
    </ClCompile>
    <ClCompile Include="..\..\src\renderers\common\Memory.cpp">
      <Filter>Common</Filter>
    </ClCompile>
    <ClCompile Include="..\..\src\renderers\common\ModelLoad.cpp">
      <Filter>Common</Filter>
    </ClCompile>
    <ClCompile Include="..\..\src\renderers\common\ModelStore.cpp">
      <Filter>Common</Filter>
    </ClCompile>
    <ClCompile Include="..\..\src\renderers\common\Palette.cpp">
      <Filter>Common</Filter>
    </ClCompile>
    <ClCompile Include="..\..\src\renderers\common\RenderDocUtils.cpp">
      <Filter>Common</Filter>
    </ClCompile>
    <ClCompile Include="..\..\src\renderers\common\SkyBox.cpp">
      <Filter>Common</Filter>
    </ClCompile>
    <ClCompile Include="..\..\src\renderers\common\TextureStore.cpp">
      <Filter>Common</Filter>
    </ClCompile>
    <ClCompile Include="..\..\src\renderers\common\Win32Window.cpp">
      <Filter>Common</Filter>
    </ClCompile>
    <ClCompile Include="..\..\src\renderers\common\ViewRenderer.cpp">
      <Filter>Common</Filter>
    </ClCompile>
    <ClCompile Include="..\..\src\renderers\common\Lightmaps.cpp">
      <Filter>Common</Filter>
    </ClCompile>
  </ItemGroup>
  <ItemGroup>
    <ClInclude Include="..\..\src\renderers\d3d11\BufferD3D11.hpp">
      <Filter>Backend</Filter>
    </ClInclude>
    <ClInclude Include="..\..\src\renderers\d3d11\DeviceD3D11.hpp">
      <Filter>Backend</Filter>
    </ClInclude>
    <ClInclude Include="..\..\src\renderers\d3d11\GraphicsContextD3D11.hpp">
      <Filter>Backend</Filter>
    </ClInclude>
    <ClInclude Include="..\..\src\renderers\d3d11\PipelineStateD3D11.hpp">
      <Filter>Backend</Filter>
    </ClInclude>
    <ClInclude Include="..\..\src\renderers\d3d11\RenderInterfaceD3D11.hpp">
      <Filter>Backend</Filter>
    </ClInclude>
    <ClInclude Include="..\..\src\renderers\d3d11\ShaderProgramD3D11.hpp">
      <Filter>Backend</Filter>
    </ClInclude>
    <ClInclude Include="..\..\src\renderers\d3d11\SwapChainD3D11.hpp">
      <Filter>Backend</Filter>
    </ClInclude>
    <ClInclude Include="..\..\src\renderers\d3d11\TextureD3D11.hpp">
      <Filter>Backend</Filter>
    </ClInclude>
    <ClInclude Include="..\..\src\renderers\d3d11\UploadContextD3D11.hpp">
      <Filter>Backend</Filter>
    </ClInclude>
    <ClInclude Include="..\..\src\renderers\d3d11\UtilsD3D11.hpp">
      <Filter>Backend</Filter>
    </ClInclude>
    <ClInclude Include="..\..\src\renderers\common\Array.hpp">
      <Filter>Common</Filter>
    </ClInclude>
    <ClInclude Include="..\..\src\renderers\common\Common.hpp">
      <Filter>Common</Filter>
    </ClInclude>
    <ClInclude Include="..\..\src\renderers\common\DLLInterface.hpp">
      <Filter>Common</Filter>
    </ClInclude>
    <ClInclude Include="..\..\src\renderers\common\ImmediateModeBatching.hpp">
      <Filter>Common</Filter>
    </ClInclude>
    <ClInclude Include="..\..\src\renderers\common\Memory.hpp">
      <Filter>Common</Filter>
    </ClInclude>
    <ClInclude Include="..\..\src\renderers\common\ModelStore.hpp">
      <Filter>Common</Filter>
    </ClInclude>
    <ClInclude Include="..\..\src\renderers\common\ModelStructs.hpp">
      <Filter>Common</Filter>
    </ClInclude>
    <ClInclude Include="..\..\src\renderers\common\Pool.hpp">
      <Filter>Common</Filter>
    </ClInclude>
    <ClInclude Include="..\..\src\renderers\common\RenderDocUtils.hpp">
      <Filter>Common</Filter>
    </ClInclude>
    <ClInclude Include="..\..\src\renderers\common\RenderInterface.hpp">
      <Filter>Common</Filter>
    </ClInclude>
    <ClInclude Include="..\..\src\renderers\common\SkyBox.hpp">
      <Filter>Common</Filter>
    </ClInclude>
    <ClInclude Include="..\..\src\renderers\common\TextureStore.hpp">
      <Filter>Common</Filter>
    </ClInclude>
    <ClInclude Include="..\..\src\renderers\common\Win32Window.hpp">
      <Filter>Common</Filter>
    </ClInclude>
    <ClInclude Include="..\..\src\renderers\common\ViewRenderer.hpp">
      <Filter>Common</Filter>
    </ClInclude>
    <ClInclude Include="..\..\src\renderers\common\Lightmaps.hpp">
      <Filter>Common</Filter>
    </ClInclude>
  </ItemGroup>
  <ItemGroup>
    <FxCompile Include="..\..\src\renderers\shaders\hlsl\Draw2D.fx">
      <Filter>Backend\Shaders</Filter>
    </FxCompile>
    <FxCompile Include="..\..\src\renderers\shaders\hlsl\Draw3D.fx">
      <Filter>Backend\Shaders</Filter>
    </FxCompile>
  </ItemGroup>
</Project>